
Microsoft Visual Studio Solution File, Format Version 12.00
# Visual Studio Version 17
VisualStudioVersion = 17.5.33530.505
MinimumVisualStudioVersion = 10.0.40219.1
Project("{FAE04EC0-301F-11D3-BF4B-00C04F79EFBC}") = "TODOList.Backend.Api", "TODOList.Backend.Api\TODOList.Backend.Api.csproj", "{A0E46BBC-AD4F-4E2E-8FC4-536A00AB7238}"
EndProject
Project("{FAE04EC0-301F-11D3-BF4B-00C04F79EFBC}") = "TODOList.Backend.DAL", "TODOList.Backend.DAL\TODOList.Backend.DAL.csproj", "{7F2F6227-7A73-4460-9CEB-2608C976966B}"
EndProject
Global
	GlobalSection(SolutionConfigurationPlatforms) = preSolution
		Debug|Any CPU = Debug|Any CPU
		Release|Any CPU = Release|Any CPU
	EndGlobalSection
	GlobalSection(ProjectConfigurationPlatforms) = postSolution
		{A0E46BBC-AD4F-4E2E-8FC4-536A00AB7238}.Debug|Any CPU.ActiveCfg = Debug|Any CPU
		{A0E46BBC-AD4F-4E2E-8FC4-536A00AB7238}.Debug|Any CPU.Build.0 = Debug|Any CPU
		{A0E46BBC-AD4F-4E2E-8FC4-536A00AB7238}.Release|Any CPU.ActiveCfg = Release|Any CPU
		{A0E46BBC-AD4F-4E2E-8FC4-536A00AB7238}.Release|Any CPU.Build.0 = Release|Any CPU
		{7F2F6227-7A73-4460-9CEB-2608C976966B}.Debug|Any CPU.ActiveCfg = Debug|Any CPU
		{7F2F6227-7A73-4460-9CEB-2608C976966B}.Debug|Any CPU.Build.0 = Debug|Any CPU
		{7F2F6227-7A73-4460-9CEB-2608C976966B}.Release|Any CPU.ActiveCfg = Release|Any CPU
		{7F2F6227-7A73-4460-9CEB-2608C976966B}.Release|Any CPU.Build.0 = Release|Any CPU
	EndGlobalSection
	GlobalSection(SolutionProperties) = preSolution
		HideSolutionNode = FALSE
	EndGlobalSection
	GlobalSection(ExtensibilityGlobals) = postSolution
		SolutionGuid = {6A7F5DCB-56F9-4819-A729-9CFA9A7CC9C1}
	EndGlobalSection
EndGlobal
